
Microsoft Visual Studio Solution File, Format Version 12.00
# Visual Studio 15
VisualStudioVersion = 15.0.27130.0
MinimumVisualStudioVersion = 10.0.40219.1
Project("{9A19103F-16F7-4668-BE54-9A1E7A4F7556}") = "Spatial", "src\Spatial\Spatial.csproj", "{1F3364C6-9DA3-4006-B83F-6D1335099895}"
EndProject
Project("{2150E333-8FDC-42A3-9474-1A3956D46DE8}") = "Build", "Build", "{5DFFCA1B-44E9-4A2F-824D-24AFC1D24465}"
	ProjectSection(SolutionItems) = preProject
		.travis.yml = .travis.yml
		appveyor.yml = appveyor.yml
		docs\tools\build-docs.fsx = docs\tools\build-docs.fsx
		build\build-framework.fsx = build\build-framework.fsx
		build.fsx = build.fsx
		src\Directory.Build.props = src\Directory.Build.props
		build\MathNet.Spatial.Extension.nuspec = build\MathNet.Spatial.Extension.nuspec
		build\MathNet.Spatial.nuspec = build\MathNet.Spatial.nuspec
		paket.dependencies = paket.dependencies
		paket.lock = paket.lock
	EndProjectSection
EndProject
Project("{2150E333-8FDC-42A3-9474-1A3956D46DE8}") = "Readme", "Readme", "{1AA0731C-23C9-470A-883C-AFFB97ABDB11}"
	ProjectSection(SolutionItems) = preProject
		CONTRIBUTING.md = CONTRIBUTING.md
		CONTRIBUTORS.md = CONTRIBUTORS.md
		LICENSE.md = LICENSE.md
		README.md = README.md
		RELEASENOTES.md = RELEASENOTES.md
	EndProjectSection
EndProject
Project("{2150E333-8FDC-42A3-9474-1A3956D46DE8}") = "Docs", "Docs", "{4A482849-FD4F-47D4-9AA7-B8530BF1C730}"
	ProjectSection(SolutionItems) = preProject
		docs\content\Build.md = docs\content\Build.md
		docs\content\index.md = docs\content\index.md
		docs\tools\templates\template.cshtml = docs\tools\templates\template.cshtml
	EndProjectSection
EndProject
Project("{9A19103F-16F7-4668-BE54-9A1E7A4F7556}") = "Spatial.Benchmarks", "src\Spatial.Benchmarks\Spatial.Benchmarks.csproj", "{3D8A4A0D-0282-4C17-8673-9FCFB52728F6}"
EndProject
Project("{2150E333-8FDC-42A3-9474-1A3956D46DE8}") = "Roslyn", "Roslyn", "{10988BA6-86DC-41B9-9CD2-A1F1B34591C6}"
EndProject
Project("{9A19103F-16F7-4668-BE54-9A1E7A4F7556}") = "Spatial.Analyzers", "src\Spatial.Analyzers\Spatial.Analyzers.csproj", "{6649C5C6-A6BE-44FE-83BE-B155FD81C0FB}"
EndProject
Project("{9A19103F-16F7-4668-BE54-9A1E7A4F7556}") = "Spatial.CodeFixes", "src\Spatial.CodeFixes\Spatial.CodeFixes.csproj", "{40024E8B-3D75-40A4-ACF5-260DD9347038}"
EndProject
Project("{9A19103F-16F7-4668-BE54-9A1E7A4F7556}") = "Spatial.Roslyn.Tests", "src\Spatial.Roslyn.Tests\Spatial.Roslyn.Tests.csproj", "{97428E22-6455-4027-B3B6-9EB9A38C67FD}"
EndProject
Project("{9A19103F-16F7-4668-BE54-9A1E7A4F7556}") = "Spatial.Tests", "src\Spatial.Tests\Spatial.Tests.csproj", "{BCAE17C1-A622-4D7B-9CB4-0E4C27E6B2C1}"
EndProject
Global
	GlobalSection(SolutionConfigurationPlatforms) = preSolution
		Debug|Any CPU = Debug|Any CPU
		Release|Any CPU = Release|Any CPU
	EndGlobalSection
	GlobalSection(ProjectConfigurationPlatforms) = postSolution
		{1F3364C6-9DA3-4006-B83F-6D1335099895}.Debug|Any CPU.ActiveCfg = Debug|Any CPU
		{1F3364C6-9DA3-4006-B83F-6D1335099895}.Debug|Any CPU.Build.0 = Debug|Any CPU
		{1F3364C6-9DA3-4006-B83F-6D1335099895}.Release|Any CPU.ActiveCfg = Release|Any CPU
		{1F3364C6-9DA3-4006-B83F-6D1335099895}.Release|Any CPU.Build.0 = Release|Any CPU
		{3D8A4A0D-0282-4C17-8673-9FCFB52728F6}.Debug|Any CPU.ActiveCfg = Debug|Any CPU
		{3D8A4A0D-0282-4C17-8673-9FCFB52728F6}.Debug|Any CPU.Build.0 = Debug|Any CPU
		{3D8A4A0D-0282-4C17-8673-9FCFB52728F6}.Release|Any CPU.ActiveCfg = Release|Any CPU
		{3D8A4A0D-0282-4C17-8673-9FCFB52728F6}.Release|Any CPU.Build.0 = Release|Any CPU
		{6649C5C6-A6BE-44FE-83BE-B155FD81C0FB}.Debug|Any CPU.ActiveCfg = Debug|Any CPU
		{6649C5C6-A6BE-44FE-83BE-B155FD81C0FB}.Debug|Any CPU.Build.0 = Debug|Any CPU
		{6649C5C6-A6BE-44FE-83BE-B155FD81C0FB}.Release|Any CPU.ActiveCfg = Release|Any CPU
		{6649C5C6-A6BE-44FE-83BE-B155FD81C0FB}.Release|Any CPU.Build.0 = Release|Any CPU
		{40024E8B-3D75-40A4-ACF5-260DD9347038}.Debug|Any CPU.ActiveCfg = Debug|Any CPU
		{40024E8B-3D75-40A4-ACF5-260DD9347038}.Debug|Any CPU.Build.0 = Debug|Any CPU
		{40024E8B-3D75-40A4-ACF5-260DD9347038}.Release|Any CPU.ActiveCfg = Release|Any CPU
		{40024E8B-3D75-40A4-ACF5-260DD9347038}.Release|Any CPU.Build.0 = Release|Any CPU
		{97428E22-6455-4027-B3B6-9EB9A38C67FD}.Debug|Any CPU.ActiveCfg = Debug|Any CPU
		{97428E22-6455-4027-B3B6-9EB9A38C67FD}.Debug|Any CPU.Build.0 = Debug|Any CPU
		{97428E22-6455-4027-B3B6-9EB9A38C67FD}.Release|Any CPU.ActiveCfg = Release|Any CPU
		{97428E22-6455-4027-B3B6-9EB9A38C67FD}.Release|Any CPU.Build.0 = Release|Any CPU
		{BCAE17C1-A622-4D7B-9CB4-0E4C27E6B2C1}.Debug|Any CPU.ActiveCfg = Debug|Any CPU
		{BCAE17C1-A622-4D7B-9CB4-0E4C27E6B2C1}.Debug|Any CPU.Build.0 = Debug|Any CPU
		{BCAE17C1-A622-4D7B-9CB4-0E4C27E6B2C1}.Release|Any CPU.ActiveCfg = Release|Any CPU
		{BCAE17C1-A622-4D7B-9CB4-0E4C27E6B2C1}.Release|Any CPU.Build.0 = Release|Any CPU
	EndGlobalSection
	GlobalSection(SolutionProperties) = preSolution
		HideSolutionNode = FALSE
	EndGlobalSection
	GlobalSection(NestedProjects) = preSolution
		{6649C5C6-A6BE-44FE-83BE-B155FD81C0FB} = {10988BA6-86DC-41B9-9CD2-A1F1B34591C6}
		{40024E8B-3D75-40A4-ACF5-260DD9347038} = {10988BA6-86DC-41B9-9CD2-A1F1B34591C6}
		{97428E22-6455-4027-B3B6-9EB9A38C67FD} = {10988BA6-86DC-41B9-9CD2-A1F1B34591C6}
	EndGlobalSection
	GlobalSection(ExtensibilityGlobals) = postSolution
		SolutionGuid = {FD9E5078-AB4D-4C51-8855-21FA9508073D}
	EndGlobalSection
EndGlobal
