
Microsoft Visual Studio Solution File, Format Version 12.00
# Visual Studio 15
VisualStudioVersion = 15.0.26403.7
MinimumVisualStudioVersion = 10.0.40219.1
Project("{FAE04EC0-301F-11D3-BF4B-00C04F79EFBC}") = "Spatial", "src\Spatial\Spatial.csproj", "{1F3364C6-9DA3-4006-B83F-6D1335099895}"
EndProject
Project("{FAE04EC0-301F-11D3-BF4B-00C04F79EFBC}") = "SpatialUnitTests", "src\SpatialUnitTests\SpatialUnitTests.csproj", "{79785508-B059-4DFA-B408-15588C551DC6}"
EndProject
Project("{2150E333-8FDC-42A3-9474-1A3956D46DE8}") = "Build", "Build", "{5DFFCA1B-44E9-4A2F-824D-24AFC1D24465}"
	ProjectSection(SolutionItems) = preProject
		build.fsx = build.fsx
		build\MathNet.Spatial.Extension.nuspec = build\MathNet.Spatial.Extension.nuspec
		build\MathNet.Spatial.nuspec = build\MathNet.Spatial.nuspec
		paket.dependencies = paket.dependencies
		paket.lock = paket.lock
	EndProjectSection
EndProject
Project("{2150E333-8FDC-42A3-9474-1A3956D46DE8}") = "Readme", "Readme", "{1AA0731C-23C9-470A-883C-AFFB97ABDB11}"
	ProjectSection(SolutionItems) = preProject
		CONTRIBUTING.md = CONTRIBUTING.md
		CONTRIBUTORS.md = CONTRIBUTORS.md
		LICENSE.md = LICENSE.md
		README.md = README.md
		RELEASENOTES.md = RELEASENOTES.md
	EndProjectSection
EndProject
Project("{2150E333-8FDC-42A3-9474-1A3956D46DE8}") = "Net40-Signed", "Net40-Signed", "{C1D7C44E-1A43-4209-9929-D5ECEFC83D04}"
EndProject
Project("{FAE04EC0-301F-11D3-BF4B-00C04F79EFBC}") = "Spatial-Net40-Signed", "src\Spatial\Spatial-Net40-Signed.csproj", "{6368ED56-B0E9-47AD-B142-C07A66EBD2B1}"
EndProject
Global
	GlobalSection(SolutionConfigurationPlatforms) = preSolution
		Debug|Any CPU = Debug|Any CPU
		Release|Any CPU = Release|Any CPU
	EndGlobalSection
	GlobalSection(ProjectConfigurationPlatforms) = postSolution
		{1F3364C6-9DA3-4006-B83F-6D1335099895}.Debug|Any CPU.ActiveCfg = Debug|Any CPU
		{1F3364C6-9DA3-4006-B83F-6D1335099895}.Debug|Any CPU.Build.0 = Debug|Any CPU
		{1F3364C6-9DA3-4006-B83F-6D1335099895}.Release|Any CPU.ActiveCfg = Release|Any CPU
		{1F3364C6-9DA3-4006-B83F-6D1335099895}.Release|Any CPU.Build.0 = Release|Any CPU
		{79785508-B059-4DFA-B408-15588C551DC6}.Debug|Any CPU.ActiveCfg = Debug|Any CPU
		{79785508-B059-4DFA-B408-15588C551DC6}.Debug|Any CPU.Build.0 = Debug|Any CPU
		{79785508-B059-4DFA-B408-15588C551DC6}.Release|Any CPU.ActiveCfg = Release|Any CPU
		{79785508-B059-4DFA-B408-15588C551DC6}.Release|Any CPU.Build.0 = Release|Any CPU
		{6368ED56-B0E9-47AD-B142-C07A66EBD2B1}.Debug|Any CPU.ActiveCfg = Release|Any CPU
		{6368ED56-B0E9-47AD-B142-C07A66EBD2B1}.Release|Any CPU.ActiveCfg = Release|Any CPU
		{6368ED56-B0E9-47AD-B142-C07A66EBD2B1}.Release|Any CPU.Build.0 = Release|Any CPU
	EndGlobalSection
	GlobalSection(SolutionProperties) = preSolution
		HideSolutionNode = FALSE
	EndGlobalSection
	GlobalSection(NestedProjects) = preSolution
		{6368ED56-B0E9-47AD-B142-C07A66EBD2B1} = {C1D7C44E-1A43-4209-9929-D5ECEFC83D04}
	EndGlobalSection
EndGlobal
