
Microsoft Visual Studio Solution File, Format Version 12.00
# Visual Studio Version 16
VisualStudioVersion = 16.0.30011.22
MinimumVisualStudioVersion = 10.0.40219.1
Project("{2150E333-8FDC-42A3-9474-1A3956D46DE8}") = "Build", "Build", "{5DFFCA1B-44E9-4A2F-824D-24AFC1D24465}"
	ProjectSection(SolutionItems) = preProject
		.travis.yml = .travis.yml
		appveyor.yml = appveyor.yml
		docs\tools\build-docs.fsx = docs\tools\build-docs.fsx
		build\build-framework.fsx = build\build-framework.fsx
		build.fsx = build.fsx
		src\Directory.Build.props = src\Directory.Build.props
		paket.dependencies = paket.dependencies
		paket.lock = paket.lock
	EndProjectSection
EndProject
Project("{2150E333-8FDC-42A3-9474-1A3956D46DE8}") = "Readme", "Readme", "{1AA0731C-23C9-470A-883C-AFFB97ABDB11}"
	ProjectSection(SolutionItems) = preProject
		CONTRIBUTING.md = CONTRIBUTING.md
		CONTRIBUTORS.md = CONTRIBUTORS.md
		LICENSE.md = LICENSE.md
		README.md = README.md
		RELEASENOTES.md = RELEASENOTES.md
	EndProjectSection
EndProject
Project("{2150E333-8FDC-42A3-9474-1A3956D46DE8}") = "Docs", "Docs", "{4A482849-FD4F-47D4-9AA7-B8530BF1C730}"
	ProjectSection(SolutionItems) = preProject
		docs\content\Build.md = docs\content\Build.md
		docs\content\index.md = docs\content\index.md
		docs\tools\templates\template.cshtml = docs\tools\templates\template.cshtml
	EndProjectSection
EndProject
Project("{9A19103F-16F7-4668-BE54-9A1E7A4F7556}") = "Spatial.Signed", "src\Spatial\Spatial.Signed.csproj", "{37580508-4481-460A-8643-88ED3CD54EE0}"
EndProject
Global
	GlobalSection(SolutionConfigurationPlatforms) = preSolution
		Debug|Any CPU = Debug|Any CPU
		Release|Any CPU = Release|Any CPU
	EndGlobalSection
	GlobalSection(ProjectConfigurationPlatforms) = postSolution
		{37580508-4481-460A-8643-88ED3CD54EE0}.Debug|Any CPU.ActiveCfg = Debug|Any CPU
		{37580508-4481-460A-8643-88ED3CD54EE0}.Debug|Any CPU.Build.0 = Debug|Any CPU
		{37580508-4481-460A-8643-88ED3CD54EE0}.Release|Any CPU.ActiveCfg = Release|Any CPU
		{37580508-4481-460A-8643-88ED3CD54EE0}.Release|Any CPU.Build.0 = Release|Any CPU
	EndGlobalSection
	GlobalSection(SolutionProperties) = preSolution
		HideSolutionNode = FALSE
	EndGlobalSection
	GlobalSection(ExtensibilityGlobals) = postSolution
		SolutionGuid = {FD9E5078-AB4D-4C51-8855-21FA9508073D}
	EndGlobalSection
EndGlobal
