
Microsoft Visual Studio Solution File, Format Version 12.00
# Visual Studio 15
VisualStudioVersion = 15.0.27004.2010
MinimumVisualStudioVersion = 10.0.40219.1
Project("{FAE04EC0-301F-11D3-BF4B-00C04F79EFBC}") = "Spatial", "src\Spatial\Spatial.csproj", "{1F3364C6-9DA3-4006-B83F-6D1335099895}"
EndProject
Project("{FAE04EC0-301F-11D3-BF4B-00C04F79EFBC}") = "SpatialUnitTests", "src\SpatialUnitTests\SpatialUnitTests.csproj", "{79785508-B059-4DFA-B408-15588C551DC6}"
EndProject
Project("{2150E333-8FDC-42A3-9474-1A3956D46DE8}") = "Build", "Build", "{5DFFCA1B-44E9-4A2F-824D-24AFC1D24465}"
	ProjectSection(SolutionItems) = preProject
		docs\tools\build-docs.fsx = docs\tools\build-docs.fsx
		build\build-framework.fsx = build\build-framework.fsx
		build.fsx = build.fsx
		build\MathNet.Spatial.Extension.nuspec = build\MathNet.Spatial.Extension.nuspec
		build\MathNet.Spatial.nuspec = build\MathNet.Spatial.nuspec
		paket.dependencies = paket.dependencies
		paket.lock = paket.lock
	EndProjectSection
EndProject
Project("{2150E333-8FDC-42A3-9474-1A3956D46DE8}") = "Readme", "Readme", "{1AA0731C-23C9-470A-883C-AFFB97ABDB11}"
	ProjectSection(SolutionItems) = preProject
		CONTRIBUTING.md = CONTRIBUTING.md
		CONTRIBUTORS.md = CONTRIBUTORS.md
		LICENSE.md = LICENSE.md
		README.md = README.md
		RELEASENOTES.md = RELEASENOTES.md
	EndProjectSection
EndProject
Project("{2150E333-8FDC-42A3-9474-1A3956D46DE8}") = "Docs", "Docs", "{4A482849-FD4F-47D4-9AA7-B8530BF1C730}"
	ProjectSection(SolutionItems) = preProject
		docs\content\Build.md = docs\content\Build.md
		docs\content\index.md = docs\content\index.md
		docs\tools\templates\template.cshtml = docs\tools\templates\template.cshtml
	EndProjectSection
EndProject
Project("{FAE04EC0-301F-11D3-BF4B-00C04F79EFBC}") = "Spatial.Benchmarks", "src\Spatial.Benchmarks\Spatial.Benchmarks.csproj", "{3D8A4A0D-0282-4C17-8673-9FCFB52728F6}"
EndProject
Global
	GlobalSection(SolutionConfigurationPlatforms) = preSolution
		Debug|Any CPU = Debug|Any CPU
		Release|Any CPU = Release|Any CPU
	EndGlobalSection
	GlobalSection(ProjectConfigurationPlatforms) = postSolution
		{1F3364C6-9DA3-4006-B83F-6D1335099895}.Debug|Any CPU.ActiveCfg = Debug|Any CPU
		{1F3364C6-9DA3-4006-B83F-6D1335099895}.Debug|Any CPU.Build.0 = Debug|Any CPU
		{1F3364C6-9DA3-4006-B83F-6D1335099895}.Release|Any CPU.ActiveCfg = Release|Any CPU
		{1F3364C6-9DA3-4006-B83F-6D1335099895}.Release|Any CPU.Build.0 = Release|Any CPU
		{79785508-B059-4DFA-B408-15588C551DC6}.Debug|Any CPU.ActiveCfg = Debug|Any CPU
		{79785508-B059-4DFA-B408-15588C551DC6}.Debug|Any CPU.Build.0 = Debug|Any CPU
		{79785508-B059-4DFA-B408-15588C551DC6}.Release|Any CPU.ActiveCfg = Release|Any CPU
		{79785508-B059-4DFA-B408-15588C551DC6}.Release|Any CPU.Build.0 = Release|Any CPU
		{3D8A4A0D-0282-4C17-8673-9FCFB52728F6}.Debug|Any CPU.ActiveCfg = Debug|Any CPU
		{3D8A4A0D-0282-4C17-8673-9FCFB52728F6}.Debug|Any CPU.Build.0 = Debug|Any CPU
		{3D8A4A0D-0282-4C17-8673-9FCFB52728F6}.Release|Any CPU.ActiveCfg = Release|Any CPU
		{3D8A4A0D-0282-4C17-8673-9FCFB52728F6}.Release|Any CPU.Build.0 = Release|Any CPU
	EndGlobalSection
	GlobalSection(SolutionProperties) = preSolution
		HideSolutionNode = FALSE
	EndGlobalSection
	GlobalSection(ExtensibilityGlobals) = postSolution
		SolutionGuid = {FD9E5078-AB4D-4C51-8855-21FA9508073D}
	EndGlobalSection
EndGlobal
